// !$*UTF8*$!
{
	archiveVersion = 1;
	classes = {
	};
	objectVersion = 56;
	objects = {

/* Begin PBXBuildFile section */
		26F8F0342B286A2000E7AD99 /* AppDelegate.swift in Sources */ = {isa = PBXBuildFile; fileRef = 26F8F0332B286A2000E7AD99 /* AppDelegate.swift */; };
		26F8F0362B286A2000E7AD99 /* SceneDelegate.swift in Sources */ = {isa = PBXBuildFile; fileRef = 26F8F0352B286A2000E7AD99 /* SceneDelegate.swift */; };
		26F8F0382B286A2000E7AD99 /* ViewController.swift in Sources */ = {isa = PBXBuildFile; fileRef = 26F8F0372B286A2000E7AD99 /* ViewController.swift */; };
		26F8F03B2B286A2000E7AD99 /* Main.storyboard in Resources */ = {isa = PBXBuildFile; fileRef = 26F8F0392B286A2000E7AD99 /* Main.storyboard */; };
		26F8F03D2B286A2400E7AD99 /* Assets.xcassets in Resources */ = {isa = PBXBuildFile; fileRef = 26F8F03C2B286A2400E7AD99 /* Assets.xcassets */; };
		26F8F0402B286A2400E7AD99 /* LaunchScreen.storyboard in Resources */ = {isa = PBXBuildFile; fileRef = 26F8F03E2B286A2400E7AD99 /* LaunchScreen.storyboard */; };
		26F8F04C2B286B1A00E7AD99 /* CurrentWeatherModel.swift in Sources */ = {isa = PBXBuildFile; fileRef = 26F8F04B2B286B1A00E7AD99 /* CurrentWeatherModel.swift */; };
		26F8F04E2B286B5500E7AD99 /* ForecastWeatherModel.swift in Sources */ = {isa = PBXBuildFile; fileRef = 26F8F04D2B286B5500E7AD99 /* ForecastWeatherModel.swift */; };
		26F8F0502B286CD300E7AD99 /* NetworkManager.swift in Sources */ = {isa = PBXBuildFile; fileRef = 26F8F04F2B286CD300E7AD99 /* NetworkManager.swift */; };
/* End PBXBuildFile section */

/* Begin PBXFileReference section */
		26F8F0302B286A2000E7AD99 /* WeatherApp.app */ = {isa = PBXFileReference; explicitFileType = wrapper.application; includeInIndex = 0; path = WeatherApp.app; sourceTree = BUILT_PRODUCTS_DIR; };
		26F8F0332B286A2000E7AD99 /* AppDelegate.swift */ = {isa = PBXFileReference; lastKnownFileType = sourcecode.swift; path = AppDelegate.swift; sourceTree = "<group>"; };
		26F8F0352B286A2000E7AD99 /* SceneDelegate.swift */ = {isa = PBXFileReference; lastKnownFileType = sourcecode.swift; path = SceneDelegate.swift; sourceTree = "<group>"; };
		26F8F0372B286A2000E7AD99 /* ViewController.swift */ = {isa = PBXFileReference; lastKnownFileType = sourcecode.swift; path = ViewController.swift; sourceTree = "<group>"; };
		26F8F03A2B286A2000E7AD99 /* Base */ = {isa = PBXFileReference; lastKnownFileType = file.storyboard; name = Base; path = Base.lproj/Main.storyboard; sourceTree = "<group>"; };
		26F8F03C2B286A2400E7AD99 /* Assets.xcassets */ = {isa = PBXFileReference; lastKnownFileType = folder.assetcatalog; path = Assets.xcassets; sourceTree = "<group>"; };
		26F8F03F2B286A2400E7AD99 /* Base */ = {isa = PBXFileReference; lastKnownFileType = file.storyboard; name = Base; path = Base.lproj/LaunchScreen.storyboard; sourceTree = "<group>"; };
		26F8F0412B286A2400E7AD99 /* Info.plist */ = {isa = PBXFileReference; lastKnownFileType = text.plist.xml; path = Info.plist; sourceTree = "<group>"; };
		26F8F04B2B286B1A00E7AD99 /* CurrentWeatherModel.swift */ = {isa = PBXFileReference; lastKnownFileType = sourcecode.swift; path = CurrentWeatherModel.swift; sourceTree = "<group>"; };
		26F8F04D2B286B5500E7AD99 /* ForecastWeatherModel.swift */ = {isa = PBXFileReference; lastKnownFileType = sourcecode.swift; path = ForecastWeatherModel.swift; sourceTree = "<group>"; };
		26F8F04F2B286CD300E7AD99 /* NetworkManager.swift */ = {isa = PBXFileReference; lastKnownFileType = sourcecode.swift; path = NetworkManager.swift; sourceTree = "<group>"; };
/* End PBXFileReference section */

/* Begin PBXFrameworksBuildPhase section */
		26F8F02D2B286A2000E7AD99 /* Frameworks */ = {
			isa = PBXFrameworksBuildPhase;
			buildActionMask = 2147483647;
			files = (
			);
			runOnlyForDeploymentPostprocessing = 0;
		};
/* End PBXFrameworksBuildPhase section */

/* Begin PBXGroup section */
		26F8F0272B286A2000E7AD99 = {
			isa = PBXGroup;
			children = (
				26F8F0322B286A2000E7AD99 /* WeatherApp */,
				26F8F0312B286A2000E7AD99 /* Products */,
			);
			sourceTree = "<group>";
		};
		26F8F0312B286A2000E7AD99 /* Products */ = {
			isa = PBXGroup;
			children = (
				26F8F0302B286A2000E7AD99 /* WeatherApp.app */,
			);
			name = Products;
			sourceTree = "<group>";
		};
		26F8F0322B286A2000E7AD99 /* WeatherApp */ = {
			isa = PBXGroup;
			children = (
				26F8F0492B286A5400E7AD99 /* Models */,
				26F8F0482B286A5000E7AD99 /* Views */,
				26F8F0472B286A4A00E7AD99 /* Controllers */,
				26F8F0332B286A2000E7AD99 /* AppDelegate.swift */,
				26F8F0352B286A2000E7AD99 /* SceneDelegate.swift */,
				26F8F03C2B286A2400E7AD99 /* Assets.xcassets */,
				26F8F0412B286A2400E7AD99 /* Info.plist */,
			);
			path = WeatherApp;
			sourceTree = "<group>";
		};
		26F8F0472B286A4A00E7AD99 /* Controllers */ = {
			isa = PBXGroup;
			children = (
				26F8F0372B286A2000E7AD99 /* ViewController.swift */,
			);
			path = Controllers;
			sourceTree = "<group>";
		};
		26F8F0482B286A5000E7AD99 /* Views */ = {
			isa = PBXGroup;
			children = (
				26F8F03E2B286A2400E7AD99 /* LaunchScreen.storyboard */,
				26F8F0392B286A2000E7AD99 /* Main.storyboard */,
			);
			path = Views;
			sourceTree = "<group>";
		};
		26F8F0492B286A5400E7AD99 /* Models */ = {
			isa = PBXGroup;
			children = (
				26F8F04A2B286AA100E7AD99 /* Networking */,
			);
			path = Models;
			sourceTree = "<group>";
		};
		26F8F04A2B286AA100E7AD99 /* Networking */ = {
			isa = PBXGroup;
			children = (
				26F8F04B2B286B1A00E7AD99 /* CurrentWeatherModel.swift */,
				26F8F04D2B286B5500E7AD99 /* ForecastWeatherModel.swift */,
				26F8F04F2B286CD300E7AD99 /* NetworkManager.swift */,
			);
			path = Networking;
			sourceTree = "<group>";
		};
/* End PBXGroup section */

/* Begin PBXNativeTarget section */
		26F8F02F2B286A2000E7AD99 /* WeatherApp */ = {
			isa = PBXNativeTarget;
			buildConfigurationList = 26F8F0442B286A2400E7AD99 /* Build configuration list for PBXNativeTarget "WeatherApp" */;
			buildPhases = (
				26F8F02C2B286A2000E7AD99 /* Sources */,
				26F8F02D2B286A2000E7AD99 /* Frameworks */,
				26F8F02E2B286A2000E7AD99 /* Resources */,
			);
			buildRules = (
			);
			dependencies = (
			);
			name = WeatherApp;
			productName = WeatherApp;
			productReference = 26F8F0302B286A2000E7AD99 /* WeatherApp.app */;
			productType = "com.apple.product-type.application";
		};
/* End PBXNativeTarget section */

/* Begin PBXProject section */
		26F8F0282B286A2000E7AD99 /* Project object */ = {
			isa = PBXProject;
			attributes = {
				BuildIndependentTargetsInParallel = 1;
				LastSwiftUpdateCheck = 1430;
				LastUpgradeCheck = 1430;
				TargetAttributes = {
					26F8F02F2B286A2000E7AD99 = {
						CreatedOnToolsVersion = 14.3.1;
					};
				};
			};
			buildConfigurationList = 26F8F02B2B286A2000E7AD99 /* Build configuration list for PBXProject "WeatherApp" */;
			compatibilityVersion = "Xcode 14.0";
			developmentRegion = en;
			hasScannedForEncodings = 0;
			knownRegions = (
				en,
				Base,
			);
			mainGroup = 26F8F0272B286A2000E7AD99;
			productRefGroup = 26F8F0312B286A2000E7AD99 /* Products */;
			projectDirPath = "";
			projectRoot = "";
			targets = (
				26F8F02F2B286A2000E7AD99 /* WeatherApp */,
			);
		};
/* End PBXProject section */

/* Begin PBXResourcesBuildPhase section */
		26F8F02E2B286A2000E7AD99 /* Resources */ = {
			isa = PBXResourcesBuildPhase;
			buildActionMask = 2147483647;
			files = (
				26F8F0402B286A2400E7AD99 /* LaunchScreen.storyboard in Resources */,
				26F8F03D2B286A2400E7AD99 /* Assets.xcassets in Resources */,
				26F8F03B2B286A2000E7AD99 /* Main.storyboard in Resources */,
			);
			runOnlyForDeploymentPostprocessing = 0;
		};
/* End PBXResourcesBuildPhase section */

/* Begin PBXSourcesBuildPhase section */
		26F8F02C2B286A2000E7AD99 /* Sources */ = {
			isa = PBXSourcesBuildPhase;
			buildActionMask = 2147483647;
			files = (
				26F8F04E2B286B5500E7AD99 /* ForecastWeatherModel.swift in Sources */,
				26F8F0382B286A2000E7AD99 /* ViewController.swift in Sources */,
				26F8F04C2B286B1A00E7AD99 /* CurrentWeatherModel.swift in Sources */,
				26F8F0502B286CD300E7AD99 /* NetworkManager.swift in Sources */,
				26F8F0342B286A2000E7AD99 /* AppDelegate.swift in Sources */,
				26F8F0362B286A2000E7AD99 /* SceneDelegate.swift in Sources */,
			);
			runOnlyForDeploymentPostprocessing = 0;
		};
/* End PBXSourcesBuildPhase section */

/* Begin PBXVariantGroup section */
		26F8F0392B286A2000E7AD99 /* Main.storyboard */ = {
			isa = PBXVariantGroup;
			children = (
				26F8F03A2B286A2000E7AD99 /* Base */,
			);
			name = Main.storyboard;
			sourceTree = "<group>";
		};
		26F8F03E2B286A2400E7AD99 /* LaunchScreen.storyboard */ = {
			isa = PBXVariantGroup;
			children = (
				26F8F03F2B286A2400E7AD99 /* Base */,
			);
			name = LaunchScreen.storyboard;
			sourceTree = "<group>";
		};
/* End PBXVariantGroup section */

/* Begin XCBuildConfiguration section */
		26F8F0422B286A2400E7AD99 /* Debug */ = {
			isa = XCBuildConfiguration;
			buildSettings = {
				ALWAYS_SEARCH_USER_PATHS = NO;
				CLANG_ANALYZER_NONNULL = YES;
				CLANG_ANALYZER_NUMBER_OBJECT_CONVERSION = YES_AGGRESSIVE;
				CLANG_CXX_LANGUAGE_STANDARD = "gnu++20";
				CLANG_ENABLE_MODULES = YES;
				CLANG_ENABLE_OBJC_ARC = YES;
				CLANG_ENABLE_OBJC_WEAK = YES;
				CLANG_WARN_BLOCK_CAPTURE_AUTORELEASING = YES;
				CLANG_WARN_BOOL_CONVERSION = YES;
				CLANG_WARN_COMMA = YES;
				CLANG_WARN_CONSTANT_CONVERSION = YES;
				CLANG_WARN_DEPRECATED_OBJC_IMPLEMENTATIONS = YES;
				CLANG_WARN_DIRECT_OBJC_ISA_USAGE = YES_ERROR;
				CLANG_WARN_DOCUMENTATION_COMMENTS = YES;
				CLANG_WARN_EMPTY_BODY = YES;
				CLANG_WARN_ENUM_CONVERSION = YES;
				CLANG_WARN_INFINITE_RECURSION = YES;
				CLANG_WARN_INT_CONVERSION = YES;
				CLANG_WARN_NON_LITERAL_NULL_CONVERSION = YES;
				CLANG_WARN_OBJC_IMPLICIT_RETAIN_SELF = YES;
				CLANG_WARN_OBJC_LITERAL_CONVERSION = YES;
				CLANG_WARN_OBJC_ROOT_CLASS = YES_ERROR;
				CLANG_WARN_QUOTED_INCLUDE_IN_FRAMEWORK_HEADER = YES;
				CLANG_WARN_RANGE_LOOP_ANALYSIS = YES;
				CLANG_WARN_STRICT_PROTOTYPES = YES;
				CLANG_WARN_SUSPICIOUS_MOVE = YES;
				CLANG_WARN_UNGUARDED_AVAILABILITY = YES_AGGRESSIVE;
				CLANG_WARN_UNREACHABLE_CODE = YES;
				CLANG_WARN__DUPLICATE_METHOD_MATCH = YES;
				COPY_PHASE_STRIP = NO;
				DEBUG_INFORMATION_FORMAT = dwarf;
				ENABLE_STRICT_OBJC_MSGSEND = YES;
				ENABLE_TESTABILITY = YES;
				GCC_C_LANGUAGE_STANDARD = gnu11;
				GCC_DYNAMIC_NO_PIC = NO;
				GCC_NO_COMMON_BLOCKS = YES;
				GCC_OPTIMIZATION_LEVEL = 0;
				GCC_PREPROCESSOR_DEFINITIONS = (
					"DEBUG=1",
					"$(inherited)",
				);
				GCC_WARN_64_TO_32_BIT_CONVERSION = YES;
				GCC_WARN_ABOUT_RETURN_TYPE = YES_ERROR;
				GCC_WARN_UNDECLARED_SELECTOR = YES;
				GCC_WARN_UNINITIALIZED_AUTOS = YES_AGGRESSIVE;
				GCC_WARN_UNUSED_FUNCTION = YES;
				GCC_WARN_UNUSED_VARIABLE = YES;
				IPHONEOS_DEPLOYMENT_TARGET = 16.4;
				MTL_ENABLE_DEBUG_INFO = INCLUDE_SOURCE;
				MTL_FAST_MATH = YES;
				ONLY_ACTIVE_ARCH = YES;
				SDKROOT = iphoneos;
				SWIFT_ACTIVE_COMPILATION_CONDITIONS = DEBUG;
				SWIFT_OPTIMIZATION_LEVEL = "-Onone";
			};
			name = Debug;
		};
		26F8F0432B286A2400E7AD99 /* Release */ = {
			isa = XCBuildConfiguration;
			buildSettings = {
				ALWAYS_SEARCH_USER_PATHS = NO;
				CLANG_ANALYZER_NONNULL = YES;
				CLANG_ANALYZER_NUMBER_OBJECT_CONVERSION = YES_AGGRESSIVE;
				CLANG_CXX_LANGUAGE_STANDARD = "gnu++20";
				CLANG_ENABLE_MODULES = YES;
				CLANG_ENABLE_OBJC_ARC = YES;
				CLANG_ENABLE_OBJC_WEAK = YES;
				CLANG_WARN_BLOCK_CAPTURE_AUTORELEASING = YES;
				CLANG_WARN_BOOL_CONVERSION = YES;
				CLANG_WARN_COMMA = YES;
				CLANG_WARN_CONSTANT_CONVERSION = YES;
				CLANG_WARN_DEPRECATED_OBJC_IMPLEMENTATIONS = YES;
				CLANG_WARN_DIRECT_OBJC_ISA_USAGE = YES_ERROR;
				CLANG_WARN_DOCUMENTATION_COMMENTS = YES;
				CLANG_WARN_EMPTY_BODY = YES;
				CLANG_WARN_ENUM_CONVERSION = YES;
				CLANG_WARN_INFINITE_RECURSION = YES;
				CLANG_WARN_INT_CONVERSION = YES;
				CLANG_WARN_NON_LITERAL_NULL_CONVERSION = YES;
				CLANG_WARN_OBJC_IMPLICIT_RETAIN_SELF = YES;
				CLANG_WARN_OBJC_LITERAL_CONVERSION = YES;
				CLANG_WARN_OBJC_ROOT_CLASS = YES_ERROR;
				CLANG_WARN_QUOTED_INCLUDE_IN_FRAMEWORK_HEADER = YES;
				CLANG_WARN_RANGE_LOOP_ANALYSIS = YES;
				CLANG_WARN_STRICT_PROTOTYPES = YES;
				CLANG_WARN_SUSPICIOUS_MOVE = YES;
				CLANG_WARN_UNGUARDED_AVAILABILITY = YES_AGGRESSIVE;
				CLANG_WARN_UNREACHABLE_CODE = YES;
				CLANG_WARN__DUPLICATE_METHOD_MATCH = YES;
				COPY_PHASE_STRIP = NO;
				DEBUG_INFORMATION_FORMAT = "dwarf-with-dsym";
				ENABLE_NS_ASSERTIONS = NO;
				ENABLE_STRICT_OBJC_MSGSEND = YES;
				GCC_C_LANGUAGE_STANDARD = gnu11;
				GCC_NO_COMMON_BLOCKS = YES;
				GCC_WARN_64_TO_32_BIT_CONVERSION = YES;
				GCC_WARN_ABOUT_RETURN_TYPE = YES_ERROR;
				GCC_WARN_UNDECLARED_SELECTOR = YES;
				GCC_WARN_UNINITIALIZED_AUTOS = YES_AGGRESSIVE;
				GCC_WARN_UNUSED_FUNCTION = YES;
				GCC_WARN_UNUSED_VARIABLE = YES;
				IPHONEOS_DEPLOYMENT_TARGET = 16.4;
				MTL_ENABLE_DEBUG_INFO = NO;
				MTL_FAST_MATH = YES;
				SDKROOT = iphoneos;
				SWIFT_COMPILATION_MODE = wholemodule;
				SWIFT_OPTIMIZATION_LEVEL = "-O";
				VALIDATE_PRODUCT = YES;
			};
			name = Release;
		};
		26F8F0452B286A2400E7AD99 /* Debug */ = {
			isa = XCBuildConfiguration;
			buildSettings = {
				ASSETCATALOG_COMPILER_APPICON_NAME = AppIcon;
				ASSETCATALOG_COMPILER_GLOBAL_ACCENT_COLOR_NAME = AccentColor;
				CODE_SIGN_STYLE = Automatic;
				CURRENT_PROJECT_VERSION = 1;
				DEVELOPMENT_TEAM = B3S9M88R5P;
				GENERATE_INFOPLIST_FILE = YES;
				INFOPLIST_FILE = WeatherApp/Info.plist;
				INFOPLIST_KEY_UIApplicationSupportsIndirectInputEvents = YES;
				INFOPLIST_KEY_UILaunchStoryboardName = LaunchScreen;
				INFOPLIST_KEY_UIMainStoryboardFile = Main;
				INFOPLIST_KEY_UISupportedInterfaceOrientations_iPad = "UIInterfaceOrientationPortrait UIInterfaceOrientationPortraitUpsideDown UIInterfaceOrientationLandscapeLeft UIInterfaceOrientationLandscapeRight";
				INFOPLIST_KEY_UISupportedInterfaceOrientations_iPhone = "UIInterfaceOrientationPortrait UIInterfaceOrientationLandscapeLeft UIInterfaceOrientationLandscapeRight";
				LD_RUNPATH_SEARCH_PATHS = (
					"$(inherited)",
					"@executable_path/Frameworks",
				);
				MARKETING_VERSION = 1.0;
				PRODUCT_BUNDLE_IDENTIFIER = com.glucode.WeatherApp;
				PRODUCT_NAME = "$(TARGET_NAME)";
				SWIFT_EMIT_LOC_STRINGS = YES;
				SWIFT_VERSION = 5.0;
				TARGETED_DEVICE_FAMILY = "1,2";
			};
			name = Debug;
		};
		26F8F0462B286A2400E7AD99 /* Release */ = {
			isa = XCBuildConfiguration;
			buildSettings = {
				ASSETCATALOG_COMPILER_APPICON_NAME = AppIcon;
				ASSETCATALOG_COMPILER_GLOBAL_ACCENT_COLOR_NAME = AccentColor;
				CODE_SIGN_STYLE = Automatic;
				CURRENT_PROJECT_VERSION = 1;
				DEVELOPMENT_TEAM = B3S9M88R5P;
				GENERATE_INFOPLIST_FILE = YES;
				INFOPLIST_FILE = WeatherApp/Info.plist;
				INFOPLIST_KEY_UIApplicationSupportsIndirectInputEvents = YES;
				INFOPLIST_KEY_UILaunchStoryboardName = LaunchScreen;
				INFOPLIST_KEY_UIMainStoryboardFile = Main;
				INFOPLIST_KEY_UISupportedInterfaceOrientations_iPad = "UIInterfaceOrientationPortrait UIInterfaceOrientationPortraitUpsideDown UIInterfaceOrientationLandscapeLeft UIInterfaceOrientationLandscapeRight";
				INFOPLIST_KEY_UISupportedInterfaceOrientations_iPhone = "UIInterfaceOrientationPortrait UIInterfaceOrientationLandscapeLeft UIInterfaceOrientationLandscapeRight";
				LD_RUNPATH_SEARCH_PATHS = (
					"$(inherited)",
					"@executable_path/Frameworks",
				);
				MARKETING_VERSION = 1.0;
				PRODUCT_BUNDLE_IDENTIFIER = com.glucode.WeatherApp;
				PRODUCT_NAME = "$(TARGET_NAME)";
				SWIFT_EMIT_LOC_STRINGS = YES;
				SWIFT_VERSION = 5.0;
				TARGETED_DEVICE_FAMILY = "1,2";
			};
			name = Release;
		};
/* End XCBuildConfiguration section */

/* Begin XCConfigurationList section */
		26F8F02B2B286A2000E7AD99 /* Build configuration list for PBXProject "WeatherApp" */ = {
			isa = XCConfigurationList;
			buildConfigurations = (
				26F8F0422B286A2400E7AD99 /* Debug */,
				26F8F0432B286A2400E7AD99 /* Release */,
			);
			defaultConfigurationIsVisible = 0;
			defaultConfigurationName = Release;
		};
		26F8F0442B286A2400E7AD99 /* Build configuration list for PBXNativeTarget "WeatherApp" */ = {
			isa = XCConfigurationList;
			buildConfigurations = (
				26F8F0452B286A2400E7AD99 /* Debug */,
				26F8F0462B286A2400E7AD99 /* Release */,
			);
			defaultConfigurationIsVisible = 0;
			defaultConfigurationName = Release;
		};
/* End XCConfigurationList section */
	};
	rootObject = 26F8F0282B286A2000E7AD99 /* Project object */;
}
